
Microsoft Visual Studio Solution File, Format Version 12.00
# Visual Studio Version 16
VisualStudioVersion = 16.0.31205.134
MinimumVisualStudioVersion = 10.0.40219.1
Project("{FAE04EC0-301F-11D3-BF4B-00C04F79EFBC}") = "Parcial", "Parcial\Parcial.csproj", "{2AE77210-C8D7-495C-BE06-2FB41DABB750}"
EndProject
Project("{FAE04EC0-301F-11D3-BF4B-00C04F79EFBC}") = "Logica", "Logica\Logica.csproj", "{BED3B48A-6F0D-4E64-9720-FD609B63BC44}"
EndProject
Project("{FAE04EC0-301F-11D3-BF4B-00C04F79EFBC}") = "UnitTestProject1", "UnitTestProject1\UnitTestProject1.csproj", "{EC98FAB2-C431-4686-AE32-9B251FE10010}"
EndProject
Global
	GlobalSection(SolutionConfigurationPlatforms) = preSolution
		Debug|Any CPU = Debug|Any CPU
		Release|Any CPU = Release|Any CPU
	EndGlobalSection
	GlobalSection(ProjectConfigurationPlatforms) = postSolution
		{2AE77210-C8D7-495C-BE06-2FB41DABB750}.Debug|Any CPU.ActiveCfg = Debug|Any CPU
		{2AE77210-C8D7-495C-BE06-2FB41DABB750}.Debug|Any CPU.Build.0 = Debug|Any CPU
		{2AE77210-C8D7-495C-BE06-2FB41DABB750}.Release|Any CPU.ActiveCfg = Release|Any CPU
		{2AE77210-C8D7-495C-BE06-2FB41DABB750}.Release|Any CPU.Build.0 = Release|Any CPU
		{BED3B48A-6F0D-4E64-9720-FD609B63BC44}.Debug|Any CPU.ActiveCfg = Debug|Any CPU
		{BED3B48A-6F0D-4E64-9720-FD609B63BC44}.Debug|Any CPU.Build.0 = Debug|Any CPU
		{BED3B48A-6F0D-4E64-9720-FD609B63BC44}.Release|Any CPU.ActiveCfg = Release|Any CPU
		{BED3B48A-6F0D-4E64-9720-FD609B63BC44}.Release|Any CPU.Build.0 = Release|Any CPU
		{EC98FAB2-C431-4686-AE32-9B251FE10010}.Debug|Any CPU.ActiveCfg = Debug|Any CPU
		{EC98FAB2-C431-4686-AE32-9B251FE10010}.Debug|Any CPU.Build.0 = Debug|Any CPU
		{EC98FAB2-C431-4686-AE32-9B251FE10010}.Release|Any CPU.ActiveCfg = Release|Any CPU
		{EC98FAB2-C431-4686-AE32-9B251FE10010}.Release|Any CPU.Build.0 = Release|Any CPU
	EndGlobalSection
	GlobalSection(SolutionProperties) = preSolution
		HideSolutionNode = FALSE
	EndGlobalSection
	GlobalSection(ExtensibilityGlobals) = postSolution
		SolutionGuid = {F064D8E5-F975-4BE0-B407-B8263975207D}
	EndGlobalSection
EndGlobal
